
Microsoft Visual Studio Solution File, Format Version 12.00
# Visual Studio 2013
VisualStudioVersion = 12.0.30723.0
MinimumVisualStudioVersion = 10.0.40219.1
Project("{FAE04EC0-301F-11D3-BF4B-00C04F79EFBC}") = "BuddyCardWeb", "BuddyCardWeb\BuddyCardWeb.csproj", "{48EBD33A-798A-48C3-8966-C644FCAE35A0}"
EndProject
Project("{2150E333-8FDC-42A3-9474-1A3956D46DE8}") = ".nuget", ".nuget", "{6264ECE5-789C-4EA4-979A-E5FA6D3E7B7C}"
	ProjectSection(SolutionItems) = preProject
		.nuget\packages.config = .nuget\packages.config
	EndProjectSection
EndProject
Global
	GlobalSection(SolutionConfigurationPlatforms) = preSolution
		Debug|Any CPU = Debug|Any CPU
		Release|Any CPU = Release|Any CPU
	EndGlobalSection
	GlobalSection(ProjectConfigurationPlatforms) = postSolution
		{48EBD33A-798A-48C3-8966-C644FCAE35A0}.Debug|Any CPU.ActiveCfg = Debug|Any CPU
		{48EBD33A-798A-48C3-8966-C644FCAE35A0}.Debug|Any CPU.Build.0 = Debug|Any CPU
		{48EBD33A-798A-48C3-8966-C644FCAE35A0}.Release|Any CPU.ActiveCfg = Release|Any CPU
		{48EBD33A-798A-48C3-8966-C644FCAE35A0}.Release|Any CPU.Build.0 = Release|Any CPU
	EndGlobalSection
	GlobalSection(SolutionProperties) = preSolution
		HideSolutionNode = FALSE
	EndGlobalSection
EndGlobal
